
Microsoft Visual Studio Solution File, Format Version 12.00
# Visual Studio Version 17
VisualStudioVersion = 17.4.33103.184
MinimumVisualStudioVersion = 10.0.40219.1
Project("{9A19103F-16F7-4668-BE54-9A1E7A4F7556}") = "3. Sea battle - 2", "3. Sea battle - 2.csproj", "{24F38455-A183-4EFA-8C04-2915906334D2}"
EndProject
Global
	GlobalSection(SolutionConfigurationPlatforms) = preSolution
		Debug|Any CPU = Debug|Any CPU
		Release|Any CPU = Release|Any CPU
	EndGlobalSection
	GlobalSection(ProjectConfigurationPlatforms) = postSolution
		{24F38455-A183-4EFA-8C04-2915906334D2}.Debug|Any CPU.ActiveCfg = Debug|Any CPU
		{24F38455-A183-4EFA-8C04-2915906334D2}.Debug|Any CPU.Build.0 = Debug|Any CPU
		{24F38455-A183-4EFA-8C04-2915906334D2}.Release|Any CPU.ActiveCfg = Release|Any CPU
		{24F38455-A183-4EFA-8C04-2915906334D2}.Release|Any CPU.Build.0 = Release|Any CPU
	EndGlobalSection
	GlobalSection(SolutionProperties) = preSolution
		HideSolutionNode = FALSE
	EndGlobalSection
	GlobalSection(ExtensibilityGlobals) = postSolution
		SolutionGuid = {8FBA717F-EB4F-41D2-832B-8ADD70B21155}
	EndGlobalSection
EndGlobal
